
Microsoft Visual Studio Solution File, Format Version 12.00
# Visual Studio Version 17
VisualStudioVersion = 17.1.32328.378
MinimumVisualStudioVersion = 10.0.40219.1
Project("{2150E333-8FDC-42A3-9474-1A3956D46DE8}") = "src", "src", "{A7597913-6AB5-495C-8D31-70DECED5040B}"
EndProject
Project("{2150E333-8FDC-42A3-9474-1A3956D46DE8}") = "test", "test", "{BC1B1215-3C09-4A15-A25B-A2A3AF8043ED}"
EndProject
Project("{2150E333-8FDC-42A3-9474-1A3956D46DE8}") = "Shared", "Shared", "{1C619EDD-BFC7-4792-824E-7F26073980D1}"
EndProject
Project("{9A19103F-16F7-4668-BE54-9A1E7A4F7556}") = "PersonalAccounting.Shared.Common", "src\Shared\PersonalAccounting.Shared.Common\PersonalAccounting.Shared.Common.csproj", "{83B93807-82DE-4A60-9111-814864111D29}"
EndProject
Project("{9A19103F-16F7-4668-BE54-9A1E7A4F7556}") = "PersonalAccounting.Shared.Api", "src\Shared\PersonalAccounting.Shared.Api\PersonalAccounting.Shared.Api.csproj", "{A66384EF-5050-4E3D-BF70-1864AF9A1133}"
EndProject
Project("{2150E333-8FDC-42A3-9474-1A3956D46DE8}") = "services", "services", "{3A15A1C0-4354-4FC8-AF40-E031FDBC0128}"
EndProject
Project("{2150E333-8FDC-42A3-9474-1A3956D46DE8}") = "Costs", "Costs", "{1DA0A442-84AA-4143-88E4-AFC06CDD9D1F}"
EndProject
Project("{9A19103F-16F7-4668-BE54-9A1E7A4F7556}") = "Costs.Domain", "src\services\Costs\Costs.Domain\Costs.Domain.csproj", "{AA2F88A7-268A-432F-B014-1CD1CD0A32EC}"
EndProject
Project("{9A19103F-16F7-4668-BE54-9A1E7A4F7556}") = "Costs.Infrastructure", "src\services\Costs\Costs.Infrastructure\Costs.Infrastructure.csproj", "{8BE8EAC9-011E-4A16-A94E-FB5079FA15A2}"
EndProject
Project("{9A19103F-16F7-4668-BE54-9A1E7A4F7556}") = "Costs.Application", "src\services\Costs\Costs.Application\Costs.Application.csproj", "{AB17B062-3173-4892-A507-EC0C9F8531AD}"
EndProject
Project("{9A19103F-16F7-4668-BE54-9A1E7A4F7556}") = "Costs.Api", "src\services\Costs\Costs.Api\Costs.Api.csproj", "{2AA32BE1-3AD6-4F6E-9A44-B932E4DDF83E}"
EndProject
Global
	GlobalSection(SolutionConfigurationPlatforms) = preSolution
		Debug|Any CPU = Debug|Any CPU
		Release|Any CPU = Release|Any CPU
	EndGlobalSection
	GlobalSection(ProjectConfigurationPlatforms) = postSolution
		{83B93807-82DE-4A60-9111-814864111D29}.Debug|Any CPU.ActiveCfg = Debug|Any CPU
		{83B93807-82DE-4A60-9111-814864111D29}.Debug|Any CPU.Build.0 = Debug|Any CPU
		{83B93807-82DE-4A60-9111-814864111D29}.Release|Any CPU.ActiveCfg = Release|Any CPU
		{83B93807-82DE-4A60-9111-814864111D29}.Release|Any CPU.Build.0 = Release|Any CPU
		{A66384EF-5050-4E3D-BF70-1864AF9A1133}.Debug|Any CPU.ActiveCfg = Debug|Any CPU
		{A66384EF-5050-4E3D-BF70-1864AF9A1133}.Debug|Any CPU.Build.0 = Debug|Any CPU
		{A66384EF-5050-4E3D-BF70-1864AF9A1133}.Release|Any CPU.ActiveCfg = Release|Any CPU
		{A66384EF-5050-4E3D-BF70-1864AF9A1133}.Release|Any CPU.Build.0 = Release|Any CPU
		{AA2F88A7-268A-432F-B014-1CD1CD0A32EC}.Debug|Any CPU.ActiveCfg = Debug|Any CPU
		{AA2F88A7-268A-432F-B014-1CD1CD0A32EC}.Debug|Any CPU.Build.0 = Debug|Any CPU
		{AA2F88A7-268A-432F-B014-1CD1CD0A32EC}.Release|Any CPU.ActiveCfg = Release|Any CPU
		{AA2F88A7-268A-432F-B014-1CD1CD0A32EC}.Release|Any CPU.Build.0 = Release|Any CPU
		{8BE8EAC9-011E-4A16-A94E-FB5079FA15A2}.Debug|Any CPU.ActiveCfg = Debug|Any CPU
		{8BE8EAC9-011E-4A16-A94E-FB5079FA15A2}.Debug|Any CPU.Build.0 = Debug|Any CPU
		{8BE8EAC9-011E-4A16-A94E-FB5079FA15A2}.Release|Any CPU.ActiveCfg = Release|Any CPU
		{8BE8EAC9-011E-4A16-A94E-FB5079FA15A2}.Release|Any CPU.Build.0 = Release|Any CPU
		{AB17B062-3173-4892-A507-EC0C9F8531AD}.Debug|Any CPU.ActiveCfg = Debug|Any CPU
		{AB17B062-3173-4892-A507-EC0C9F8531AD}.Debug|Any CPU.Build.0 = Debug|Any CPU
		{AB17B062-3173-4892-A507-EC0C9F8531AD}.Release|Any CPU.ActiveCfg = Release|Any CPU
		{AB17B062-3173-4892-A507-EC0C9F8531AD}.Release|Any CPU.Build.0 = Release|Any CPU
		{2AA32BE1-3AD6-4F6E-9A44-B932E4DDF83E}.Debug|Any CPU.ActiveCfg = Debug|Any CPU
		{2AA32BE1-3AD6-4F6E-9A44-B932E4DDF83E}.Debug|Any CPU.Build.0 = Debug|Any CPU
		{2AA32BE1-3AD6-4F6E-9A44-B932E4DDF83E}.Release|Any CPU.ActiveCfg = Release|Any CPU
		{2AA32BE1-3AD6-4F6E-9A44-B932E4DDF83E}.Release|Any CPU.Build.0 = Release|Any CPU
	EndGlobalSection
	GlobalSection(SolutionProperties) = preSolution
		HideSolutionNode = FALSE
	EndGlobalSection
	GlobalSection(NestedProjects) = preSolution
		{1C619EDD-BFC7-4792-824E-7F26073980D1} = {A7597913-6AB5-495C-8D31-70DECED5040B}
		{83B93807-82DE-4A60-9111-814864111D29} = {1C619EDD-BFC7-4792-824E-7F26073980D1}
		{A66384EF-5050-4E3D-BF70-1864AF9A1133} = {1C619EDD-BFC7-4792-824E-7F26073980D1}
		{3A15A1C0-4354-4FC8-AF40-E031FDBC0128} = {A7597913-6AB5-495C-8D31-70DECED5040B}
		{1DA0A442-84AA-4143-88E4-AFC06CDD9D1F} = {3A15A1C0-4354-4FC8-AF40-E031FDBC0128}
		{AA2F88A7-268A-432F-B014-1CD1CD0A32EC} = {1DA0A442-84AA-4143-88E4-AFC06CDD9D1F}
		{8BE8EAC9-011E-4A16-A94E-FB5079FA15A2} = {1DA0A442-84AA-4143-88E4-AFC06CDD9D1F}
		{AB17B062-3173-4892-A507-EC0C9F8531AD} = {1DA0A442-84AA-4143-88E4-AFC06CDD9D1F}
		{2AA32BE1-3AD6-4F6E-9A44-B932E4DDF83E} = {1DA0A442-84AA-4143-88E4-AFC06CDD9D1F}
	EndGlobalSection
	GlobalSection(ExtensibilityGlobals) = postSolution
		SolutionGuid = {5BF22C3F-0395-472B-8275-A29AF354C531}
	EndGlobalSection
EndGlobal
